{
  "pins" : [
    {
      "identity" : "coregeometry",
      "kind" : "remoteSourceControl",
      "location" : "https://gitlab.com/Pyroh/CoreGeometry.git",
      "state" : {
        "revision" : "c8604b90dc60084e9d08f289573e537585b84129",
        "version" : "4.0.0"
      }
    },
    {
      "identity" : "smoothoperators",
      "kind" : "remoteSourceControl",
      "location" : "https://github.com/Pyroh/SmoothOperators.git",
      "state" : {
        "revision" : "cd9392d7b3466bd30148bec594a2c56ecb7b7c2d",
        "version" : "0.18.0"
      }
    }
  ],
  "version" : 2
}
